
Microsoft Visual Studio Solution File, Format Version 12.00
# Visual Studio Version 17
VisualStudioVersion = 17.3.32929.385
MinimumVisualStudioVersion = 10.0.40219.1
Project("{FAE04EC0-301F-11D3-BF4B-00C04F79EFBC}") = "Drinskol", "Drinskol\Drinskol.csproj", "{75B071DF-EC38-4E6B-B94D-26D6C713C85F}"
EndProject
Global
	GlobalSection(SolutionConfigurationPlatforms) = preSolution
		Debug|Any CPU = Debug|Any CPU
		Release|Any CPU = Release|Any CPU
	EndGlobalSection
	GlobalSection(ProjectConfigurationPlatforms) = postSolution
		{75B071DF-EC38-4E6B-B94D-26D6C713C85F}.Debug|Any CPU.ActiveCfg = Debug|Any CPU
		{75B071DF-EC38-4E6B-B94D-26D6C713C85F}.Debug|Any CPU.Build.0 = Debug|Any CPU
		{75B071DF-EC38-4E6B-B94D-26D6C713C85F}.Release|Any CPU.ActiveCfg = Release|Any CPU
		{75B071DF-EC38-4E6B-B94D-26D6C713C85F}.Release|Any CPU.Build.0 = Release|Any CPU
	EndGlobalSection
	GlobalSection(SolutionProperties) = preSolution
		HideSolutionNode = FALSE
	EndGlobalSection
	GlobalSection(ExtensibilityGlobals) = postSolution
		SolutionGuid = {AA73BDC9-B1F8-45A0-93AE-C3E85A6676DB}
	EndGlobalSection
EndGlobal
